Microsoft Visual Studio Solution File, Format Version 12.00
# Visual Studio Version 17
VisualStudioVersion = 17.5.2.0
MinimumVisualStudioVersion = 10.0.40219.1
Project("{FAE04EC0-301F-11D3-BF4B-00C04F79EFBC}") = "mic", "mic.csproj", "{3DACDA96-7D96-5DC9-E476-E399796FA83D}"
EndProject
Global
	GlobalSection(SolutionConfigurationPlatforms) = preSolution
		Debug|Any CPU = Debug|Any CPU
		Release|Any CPU = Release|Any CPU
	EndGlobalSection
	GlobalSection(ProjectConfigurationPlatforms) = postSolution
		{3DACDA96-7D96-5DC9-E476-E399796FA83D}.Debug|Any CPU.ActiveCfg = Debug|Any CPU
		{3DACDA96-7D96-5DC9-E476-E399796FA83D}.Debug|Any CPU.Build.0 = Debug|Any CPU
		{3DACDA96-7D96-5DC9-E476-E399796FA83D}.Release|Any CPU.ActiveCfg = Release|Any CPU
		{3DACDA96-7D96-5DC9-E476-E399796FA83D}.Release|Any CPU.Build.0 = Release|Any CPU
	EndGlobalSection
	GlobalSection(SolutionProperties) = preSolution
		HideSolutionNode = FALSE
	EndGlobalSection
	GlobalSection(ExtensibilityGlobals) = postSolution
		SolutionGuid = {B576AD45-B43A-4B68-9D25-9F744F89AE10}
	EndGlobalSection
EndGlobal
